
Microsoft Visual Studio Solution File, Format Version 12.00
# Visual Studio 15
VisualStudioVersion = 15.0.26730.12
MinimumVisualStudioVersion = 10.0.40219.1
Project("{FAE04EC0-301F-11D3-BF4B-00C04F79EFBC}") = "atwJokes", "atwJokes\atwJokes.csproj", "{FE370724-6B1A-4B39-910C-A27DC9FEFE2B}"
EndProject
Global
	GlobalSection(SolutionConfigurationPlatforms) = preSolution
		Debug|Any CPU = Debug|Any CPU
		Release|Any CPU = Release|Any CPU
	EndGlobalSection
	GlobalSection(ProjectConfigurationPlatforms) = postSolution
		{FE370724-6B1A-4B39-910C-A27DC9FEFE2B}.Debug|Any CPU.ActiveCfg = Debug|Any CPU
		{FE370724-6B1A-4B39-910C-A27DC9FEFE2B}.Debug|Any CPU.Build.0 = Debug|Any CPU
		{FE370724-6B1A-4B39-910C-A27DC9FEFE2B}.Release|Any CPU.ActiveCfg = Release|Any CPU
		{FE370724-6B1A-4B39-910C-A27DC9FEFE2B}.Release|Any CPU.Build.0 = Release|Any CPU
	EndGlobalSection
	GlobalSection(SolutionProperties) = preSolution
		HideSolutionNode = FALSE
	EndGlobalSection
	GlobalSection(ExtensibilityGlobals) = postSolution
		SolutionGuid = {BCAE0F62-31ED-4FCC-AE4B-5A36C01C42D1}
	EndGlobalSection
EndGlobal
