
Microsoft Visual Studio Solution File, Format Version 12.00
# Visual Studio 15
VisualStudioVersion = 15.0.26730.12
MinimumVisualStudioVersion = 10.0.40219.1
Project("{FAE04EC0-301F-11D3-BF4B-00C04F79EFBC}") = "atwJokes(FrontEnd)", "atwJokes\atwJokes(FrontEnd).csproj", "{FE370724-6B1A-4B39-910C-A27DC9FEFE2B}"
EndProject
Project("{FAE04EC0-301F-11D3-BF4B-00C04F79EFBC}") = "DAL", "DAL\DAL.csproj", "{F83EED78-5988-4580-81B2-D63B0CE41B36}"
EndProject
Project("{FAE04EC0-301F-11D3-BF4B-00C04F79EFBC}") = "Types", "Types\Types.csproj", "{4DFB17D9-2A3B-4932-853E-20D5729295A1}"
EndProject
Project("{FAE04EC0-301F-11D3-BF4B-00C04F79EFBC}") = "BOL", "BOL\BOL.csproj", "{5BE3D94C-EACB-4450-B510-73DACC9860C1}"
EndProject
Global
	GlobalSection(SolutionConfigurationPlatforms) = preSolution
		Debug|Any CPU = Debug|Any CPU
		Release|Any CPU = Release|Any CPU
	EndGlobalSection
	GlobalSection(ProjectConfigurationPlatforms) = postSolution
		{FE370724-6B1A-4B39-910C-A27DC9FEFE2B}.Debug|Any CPU.ActiveCfg = Debug|Any CPU
		{FE370724-6B1A-4B39-910C-A27DC9FEFE2B}.Debug|Any CPU.Build.0 = Debug|Any CPU
		{FE370724-6B1A-4B39-910C-A27DC9FEFE2B}.Release|Any CPU.ActiveCfg = Release|Any CPU
		{FE370724-6B1A-4B39-910C-A27DC9FEFE2B}.Release|Any CPU.Build.0 = Release|Any CPU
		{F83EED78-5988-4580-81B2-D63B0CE41B36}.Debug|Any CPU.ActiveCfg = Debug|Any CPU
		{F83EED78-5988-4580-81B2-D63B0CE41B36}.Debug|Any CPU.Build.0 = Debug|Any CPU
		{F83EED78-5988-4580-81B2-D63B0CE41B36}.Release|Any CPU.ActiveCfg = Release|Any CPU
		{F83EED78-5988-4580-81B2-D63B0CE41B36}.Release|Any CPU.Build.0 = Release|Any CPU
		{4DFB17D9-2A3B-4932-853E-20D5729295A1}.Debug|Any CPU.ActiveCfg = Debug|Any CPU
		{4DFB17D9-2A3B-4932-853E-20D5729295A1}.Debug|Any CPU.Build.0 = Debug|Any CPU
		{4DFB17D9-2A3B-4932-853E-20D5729295A1}.Release|Any CPU.ActiveCfg = Release|Any CPU
		{4DFB17D9-2A3B-4932-853E-20D5729295A1}.Release|Any CPU.Build.0 = Release|Any CPU
		{5BE3D94C-EACB-4450-B510-73DACC9860C1}.Debug|Any CPU.ActiveCfg = Debug|Any CPU
		{5BE3D94C-EACB-4450-B510-73DACC9860C1}.Debug|Any CPU.Build.0 = Debug|Any CPU
		{5BE3D94C-EACB-4450-B510-73DACC9860C1}.Release|Any CPU.ActiveCfg = Release|Any CPU
		{5BE3D94C-EACB-4450-B510-73DACC9860C1}.Release|Any CPU.Build.0 = Release|Any CPU
	EndGlobalSection
	GlobalSection(SolutionProperties) = preSolution
		HideSolutionNode = FALSE
	EndGlobalSection
	GlobalSection(ExtensibilityGlobals) = postSolution
		SolutionGuid = {BCAE0F62-31ED-4FCC-AE4B-5A36C01C42D1}
	EndGlobalSection
EndGlobal
